
Microsoft Visual Studio Solution File, Format Version 12.00
# Visual Studio Version 16
VisualStudioVersion = 16.0.31729.503
MinimumVisualStudioVersion = 10.0.40219.1
Project("{9A19103F-16F7-4668-BE54-9A1E7A4F7556}") = "Template", "Template\Template.csproj", "{3CB9977B-1FCF-4C12-8F3B-A0319C8301ED}"
EndProject
Project("{2150E333-8FDC-42A3-9474-1A3956D46DE8}") = "1-Web", "1-Web", "{E6992EBC-D937-4187-BB23-68044DEA8743}"
EndProject
Project("{2150E333-8FDC-42A3-9474-1A3956D46DE8}") = "2-Application", "2-Application", "{CE64D125-2968-4BEF-B61B-8D15AD95D442}"
EndProject
Project("{2150E333-8FDC-42A3-9474-1A3956D46DE8}") = "3-Domain", "3-Domain", "{0069253A-F777-4D65-A59E-2257FE835285}"
EndProject
Project("{2150E333-8FDC-42A3-9474-1A3956D46DE8}") = "4-Infra", "4-Infra", "{40265700-9CC7-4A47-9845-082717C2EE2C}"
EndProject
Project("{9A19103F-16F7-4668-BE54-9A1E7A4F7556}") = "Template.Application", "Template.Application\Template.Application.csproj", "{E9337698-8691-49FD-A6F2-B4FA01E6AA7C}"
EndProject
Project("{9A19103F-16F7-4668-BE54-9A1E7A4F7556}") = "Template.Domain", "Template.Domain\Template.Domain.csproj", "{DCDCA232-3F74-4AD1-9F5B-1E399A3A54DB}"
EndProject
Project("{2150E333-8FDC-42A3-9474-1A3956D46DE8}") = "4.1-Data", "4.1-Data", "{DCF651EC-0727-40F6-B9C2-BA0F3EE25B5B}"
EndProject
Project("{2150E333-8FDC-42A3-9474-1A3956D46DE8}") = "4.2-CrossCutting", "4.2-CrossCutting", "{E9DF2B6C-F784-4E37-9850-520D73884C9E}"
EndProject
Project("{9A19103F-16F7-4668-BE54-9A1E7A4F7556}") = "Template.Data", "Template.Data\Template.Data.csproj", "{37AFAF9F-E163-45F2-8174-0D46642B07C4}"
EndProject
Project("{9A19103F-16F7-4668-BE54-9A1E7A4F7556}") = "Template.IoC", "Template.IoC\Template.IoC.csproj", "{8FAD2087-A0EF-4CB6-9501-1AD34DA7F726}"
EndProject
Project("{FAE04EC0-301F-11D3-BF4B-00C04F79EFBC}") = "Template.Swagger", "Template.Swagger\Template.Swagger.csproj", "{57E2618A-8C7F-407F-B911-60A32256F3AC}"
EndProject
Project("{FAE04EC0-301F-11D3-BF4B-00C04F79EFBC}") = "Template.Auth", "Template.Auth\Template.Auth.csproj", "{F00C15E2-0D99-4073-9C1C-5BF8E2CB4D8B}"
EndProject
Project("{2150E333-8FDC-42A3-9474-1A3956D46DE8}") = "0-Tests", "0-Tests", "{35A413AE-5BF8-4FC9-8D8C-4BC6A7E12C19}"
EndProject
Project("{FAE04EC0-301F-11D3-BF4B-00C04F79EFBC}") = "Template.Application.Tests", "Template.Application.Tests\Template.Application.Tests.csproj", "{00BF40A0-152A-4203-804D-0B14BD4BB2D3}"
EndProject
Global
	GlobalSection(SolutionConfigurationPlatforms) = preSolution
		Debug|Any CPU = Debug|Any CPU
		Release|Any CPU = Release|Any CPU
	EndGlobalSection
	GlobalSection(ProjectConfigurationPlatforms) = postSolution
		{3CB9977B-1FCF-4C12-8F3B-A0319C8301ED}.Debug|Any CPU.ActiveCfg = Debug|Any CPU
		{3CB9977B-1FCF-4C12-8F3B-A0319C8301ED}.Debug|Any CPU.Build.0 = Debug|Any CPU
		{3CB9977B-1FCF-4C12-8F3B-A0319C8301ED}.Release|Any CPU.ActiveCfg = Release|Any CPU
		{3CB9977B-1FCF-4C12-8F3B-A0319C8301ED}.Release|Any CPU.Build.0 = Release|Any CPU
		{E9337698-8691-49FD-A6F2-B4FA01E6AA7C}.Debug|Any CPU.ActiveCfg = Debug|Any CPU
		{E9337698-8691-49FD-A6F2-B4FA01E6AA7C}.Debug|Any CPU.Build.0 = Debug|Any CPU
		{E9337698-8691-49FD-A6F2-B4FA01E6AA7C}.Release|Any CPU.ActiveCfg = Release|Any CPU
		{E9337698-8691-49FD-A6F2-B4FA01E6AA7C}.Release|Any CPU.Build.0 = Release|Any CPU
		{DCDCA232-3F74-4AD1-9F5B-1E399A3A54DB}.Debug|Any CPU.ActiveCfg = Debug|Any CPU
		{DCDCA232-3F74-4AD1-9F5B-1E399A3A54DB}.Debug|Any CPU.Build.0 = Debug|Any CPU
		{DCDCA232-3F74-4AD1-9F5B-1E399A3A54DB}.Release|Any CPU.ActiveCfg = Release|Any CPU
		{DCDCA232-3F74-4AD1-9F5B-1E399A3A54DB}.Release|Any CPU.Build.0 = Release|Any CPU
		{37AFAF9F-E163-45F2-8174-0D46642B07C4}.Debug|Any CPU.ActiveCfg = Debug|Any CPU
		{37AFAF9F-E163-45F2-8174-0D46642B07C4}.Debug|Any CPU.Build.0 = Debug|Any CPU
		{37AFAF9F-E163-45F2-8174-0D46642B07C4}.Release|Any CPU.ActiveCfg = Release|Any CPU
		{37AFAF9F-E163-45F2-8174-0D46642B07C4}.Release|Any CPU.Build.0 = Release|Any CPU
		{8FAD2087-A0EF-4CB6-9501-1AD34DA7F726}.Debug|Any CPU.ActiveCfg = Debug|Any CPU
		{8FAD2087-A0EF-4CB6-9501-1AD34DA7F726}.Debug|Any CPU.Build.0 = Debug|Any CPU
		{8FAD2087-A0EF-4CB6-9501-1AD34DA7F726}.Release|Any CPU.ActiveCfg = Release|Any CPU
		{8FAD2087-A0EF-4CB6-9501-1AD34DA7F726}.Release|Any CPU.Build.0 = Release|Any CPU
		{57E2618A-8C7F-407F-B911-60A32256F3AC}.Debug|Any CPU.ActiveCfg = Debug|Any CPU
		{57E2618A-8C7F-407F-B911-60A32256F3AC}.Debug|Any CPU.Build.0 = Debug|Any CPU
		{57E2618A-8C7F-407F-B911-60A32256F3AC}.Release|Any CPU.ActiveCfg = Release|Any CPU
		{57E2618A-8C7F-407F-B911-60A32256F3AC}.Release|Any CPU.Build.0 = Release|Any CPU
		{F00C15E2-0D99-4073-9C1C-5BF8E2CB4D8B}.Debug|Any CPU.ActiveCfg = Debug|Any CPU
		{F00C15E2-0D99-4073-9C1C-5BF8E2CB4D8B}.Debug|Any CPU.Build.0 = Debug|Any CPU
		{F00C15E2-0D99-4073-9C1C-5BF8E2CB4D8B}.Release|Any CPU.ActiveCfg = Release|Any CPU
		{F00C15E2-0D99-4073-9C1C-5BF8E2CB4D8B}.Release|Any CPU.Build.0 = Release|Any CPU
		{00BF40A0-152A-4203-804D-0B14BD4BB2D3}.Debug|Any CPU.ActiveCfg = Debug|Any CPU
		{00BF40A0-152A-4203-804D-0B14BD4BB2D3}.Debug|Any CPU.Build.0 = Debug|Any CPU
		{00BF40A0-152A-4203-804D-0B14BD4BB2D3}.Release|Any CPU.ActiveCfg = Release|Any CPU
		{00BF40A0-152A-4203-804D-0B14BD4BB2D3}.Release|Any CPU.Build.0 = Release|Any CPU
	EndGlobalSection
	GlobalSection(SolutionProperties) = preSolution
		HideSolutionNode = FALSE
	EndGlobalSection
	GlobalSection(NestedProjects) = preSolution
		{3CB9977B-1FCF-4C12-8F3B-A0319C8301ED} = {E6992EBC-D937-4187-BB23-68044DEA8743}
		{E9337698-8691-49FD-A6F2-B4FA01E6AA7C} = {CE64D125-2968-4BEF-B61B-8D15AD95D442}
		{DCDCA232-3F74-4AD1-9F5B-1E399A3A54DB} = {0069253A-F777-4D65-A59E-2257FE835285}
		{DCF651EC-0727-40F6-B9C2-BA0F3EE25B5B} = {40265700-9CC7-4A47-9845-082717C2EE2C}
		{E9DF2B6C-F784-4E37-9850-520D73884C9E} = {40265700-9CC7-4A47-9845-082717C2EE2C}
		{37AFAF9F-E163-45F2-8174-0D46642B07C4} = {DCF651EC-0727-40F6-B9C2-BA0F3EE25B5B}
		{8FAD2087-A0EF-4CB6-9501-1AD34DA7F726} = {E9DF2B6C-F784-4E37-9850-520D73884C9E}
		{57E2618A-8C7F-407F-B911-60A32256F3AC} = {E9DF2B6C-F784-4E37-9850-520D73884C9E}
		{F00C15E2-0D99-4073-9C1C-5BF8E2CB4D8B} = {E9DF2B6C-F784-4E37-9850-520D73884C9E}
		{00BF40A0-152A-4203-804D-0B14BD4BB2D3} = {35A413AE-5BF8-4FC9-8D8C-4BC6A7E12C19}
	EndGlobalSection
	GlobalSection(ExtensibilityGlobals) = postSolution
		SolutionGuid = {BC6C957C-4E0C-4071-9B45-7A9E9A5A09B1}
	EndGlobalSection
EndGlobal
